
Microsoft Visual Studio Solution File, Format Version 12.00
# Visual Studio 15
VisualStudioVersion = 15.0.28307.106
MinimumVisualStudioVersion = 10.0.40219.1
Project("{FAE04EC0-301F-11D3-BF4B-00C04F79EFBC}") = "PushAPI.API", "PushAPI\PushAPI.API\PushAPI.API.csproj", "{51C3C614-5E84-40E3-B37A-795E807480E8}"
EndProject
Project("{FAE04EC0-301F-11D3-BF4B-00C04F79EFBC}") = "PushAPI.DAL", "PushAPI\PushAPI.DAL\PushAPI.DAL.csproj", "{9EC36EC1-76F0-433F-B652-20E8C3A2382D}"
EndProject
Project("{FAE04EC0-301F-11D3-BF4B-00C04F79EFBC}") = "PushAPI.Infrastructure", "PushAPI\PushAPI.Infrastructure\PushAPI.Infrastructure.csproj", "{97A0CFCF-BFF3-4FA8-95C8-8D1AEC758DB4}"
EndProject
Project("{FAE04EC0-301F-11D3-BF4B-00C04F79EFBC}") = "PushAPI.ServiceLayer", "PushAPI\PushAPI.ServiceLayer\PushAPI.ServiceLayer.csproj", "{4C4A8AED-FD4D-4F7E-8406-4D603F52322F}"
EndProject
Global
	GlobalSection(SolutionConfigurationPlatforms) = preSolution
		Debug|Any CPU = Debug|Any CPU
		Release|Any CPU = Release|Any CPU
	EndGlobalSection
	GlobalSection(ProjectConfigurationPlatforms) = postSolution
		{51C3C614-5E84-40E3-B37A-795E807480E8}.Debug|Any CPU.ActiveCfg = Debug|Any CPU
		{51C3C614-5E84-40E3-B37A-795E807480E8}.Debug|Any CPU.Build.0 = Debug|Any CPU
		{51C3C614-5E84-40E3-B37A-795E807480E8}.Release|Any CPU.ActiveCfg = Release|Any CPU
		{51C3C614-5E84-40E3-B37A-795E807480E8}.Release|Any CPU.Build.0 = Release|Any CPU
		{9EC36EC1-76F0-433F-B652-20E8C3A2382D}.Debug|Any CPU.ActiveCfg = Debug|Any CPU
		{9EC36EC1-76F0-433F-B652-20E8C3A2382D}.Debug|Any CPU.Build.0 = Debug|Any CPU
		{9EC36EC1-76F0-433F-B652-20E8C3A2382D}.Release|Any CPU.ActiveCfg = Release|Any CPU
		{9EC36EC1-76F0-433F-B652-20E8C3A2382D}.Release|Any CPU.Build.0 = Release|Any CPU
		{97A0CFCF-BFF3-4FA8-95C8-8D1AEC758DB4}.Debug|Any CPU.ActiveCfg = Debug|Any CPU
		{97A0CFCF-BFF3-4FA8-95C8-8D1AEC758DB4}.Debug|Any CPU.Build.0 = Debug|Any CPU
		{97A0CFCF-BFF3-4FA8-95C8-8D1AEC758DB4}.Release|Any CPU.ActiveCfg = Release|Any CPU
		{97A0CFCF-BFF3-4FA8-95C8-8D1AEC758DB4}.Release|Any CPU.Build.0 = Release|Any CPU
		{4C4A8AED-FD4D-4F7E-8406-4D603F52322F}.Debug|Any CPU.ActiveCfg = Debug|Any CPU
		{4C4A8AED-FD4D-4F7E-8406-4D603F52322F}.Debug|Any CPU.Build.0 = Debug|Any CPU
		{4C4A8AED-FD4D-4F7E-8406-4D603F52322F}.Release|Any CPU.ActiveCfg = Release|Any CPU
		{4C4A8AED-FD4D-4F7E-8406-4D603F52322F}.Release|Any CPU.Build.0 = Release|Any CPU
	EndGlobalSection
	GlobalSection(SolutionProperties) = preSolution
		HideSolutionNode = FALSE
	EndGlobalSection
	GlobalSection(ExtensibilityGlobals) = postSolution
		SolutionGuid = {03A95344-DBEF-4371-9BB1-4FB9B5ACC02D}
	EndGlobalSection
EndGlobal
